<Solution>
  <Folder Name="/samples/">
    <Project Path="samples/NeuralSharp.Samples.Classification/NeuralSharp.Samples.Classification.csproj" />
    <Project Path="samples/NeuralSharp.Samples.GptApi/NeuralSharp.Samples.GptApi.csproj" />
    <Project Path="samples/NeuralSharp.Samples.HouseApi/NeuralSharp.Samples.HouseApi.csproj" />
    <Project Path="samples/NeuralSharp.Samples.HousePrices/NeuralSharp.Samples.HousePrices.csproj" />
    <Project Path="samples/NeuralSharp.Samples.Images/NeuralSharp.Samples.Images.csproj" />
    <Project Path="samples/NeuralSharp.Samples.Ocr/NeuralSharp.Samples.Ocr.csproj" />
    <Project Path="samples/NeuralSharp.Samples.ReRanker/NeuralSharp.Samples.ReRanker.csproj" />
    <Project Path="samples/NeuralSharp.Samples.Sequences/NeuralSharp.Samples.Sequences.csproj" />
    <Project Path="samples/NeuralSharp.Samples.Summarizer/NeuralSharp.Samples.Summarizer.csproj" />
    <Project Path="samples/NeuralSharp.Samples.Transformer/NeuralSharp.Samples.Transformer.csproj" />
    <Project Path="samples/NeuralSharp.Samples.Xor/NeuralSharp.Samples.Xor.csproj" />
  </Folder>
  <Folder Name="/src/">
    <Project Path="src/NeuralSharp.AspNetCore/NeuralSharp.AspNetCore.csproj" />
    <Project Path="src/NeuralSharp/NeuralSharp.csproj" />
  </Folder>
  <Folder Name="/tests/">
    <Project Path="tests/NeuralSharp.Tests/NeuralSharp.Tests.csproj" />
  </Folder>
</Solution>
