<Solution>
  <Project Path="IntentClassifier/IntentClassifier.csproj" />
  <Project Path="IntentClassifier.Core/IntentClassifier.Core.csproj" />
  <Project Path="IntentClassifier.Api/IntentClassifier.Api.csproj" />
  <Folder Name="/NeuralSharp/">
    <Project Path="../src/NeuralSharp/NeuralSharp.csproj" />
    <Project Path="../src/NeuralSharp.Datasets/NeuralSharp.Datasets.csproj" />
  </Folder>
</Solution>
