<Solution>
  <Project Path="Qasd/Qasd.csproj" />
  <Project Path="Qasd.Core/Qasd.Core.csproj" />
  <Project Path="Qasd.Api/Qasd.Api.csproj" />
  <Folder Name="/NeuralSharp/">
    <Project Path="../src/NeuralSharp/NeuralSharp.csproj" />
    <Project Path="../src/NeuralSharp.Datasets/NeuralSharp.Datasets.csproj" />
    <Project Path="../src/NeuralSharp.Pretrained/NeuralSharp.Pretrained.csproj" />
  </Folder>
</Solution>
